// !$*UTF8*$!
{
	archiveVersion = 1;
	classes = {
	};
	objectVersion = 50;
	objects = {

/* Begin PBXBuildFile section */
		76E3F02920D4445A002EB00E /* AppDelegate.swift in Sources */ = {isa = PBXBuildFile; fileRef = 76E3F02820D4445A002EB00E /* AppDelegate.swift */; };
		76E3F02B20D4445A002EB00E /* ViewController.swift in Sources */ = {isa = PBXBuildFile; fileRef = 76E3F02A20D4445A002EB00E /* ViewController.swift */; };
		76E3F02E20D4445A002EB00E /* Main.storyboard in Resources */ = {isa = PBXBuildFile; fileRef = 76E3F02C20D4445A002EB00E /* Main.storyboard */; };
		76E3F03020D4445B002EB00E /* Assets.xcassets in Resources */ = {isa = PBXBuildFile; fileRef = 76E3F02F20D4445B002EB00E /* Assets.xcassets */; };
		76E3F03320D4445B002EB00E /* LaunchScreen.storyboard in Resources */ = {isa = PBXBuildFile; fileRef = 76E3F03120D4445B002EB00E /* LaunchScreen.storyboard */; };
		76E3F03E20D4445B002EB00E /* travisexampleTests.swift in Sources */ = {isa = PBXBuildFile; fileRef = 76E3F03D20D4445B002EB00E /* travisexampleTests.swift */; };
		76E3F04920D4445C002EB00E /* travisexampleUITests.swift in Sources */ = {isa = PBXBuildFile; fileRef = 76E3F04820D4445C002EB00E /* travisexampleUITests.swift */; };
/* End PBXBuildFile section */

/* Begin PBXContainerItemProxy section */
		76E3F03A20D4445B002EB00E /* PBXContainerItemProxy */ = {
			isa = PBXContainerItemProxy;
			containerPortal = 76E3F01D20D4445A002EB00E /* Project object */;
			proxyType = 1;
			remoteGlobalIDString = 76E3F02420D4445A002EB00E;
			remoteInfo = travisexample;
		};
		76E3F04520D4445C002EB00E /* PBXContainerItemProxy */ = {
			isa = PBXContainerItemProxy;
			containerPortal = 76E3F01D20D4445A002EB00E /* Project object */;
			proxyType = 1;
			remoteGlobalIDString = 76E3F02420D4445A002EB00E;
			remoteInfo = travisexample;
		};
/* End PBXContainerItemProxy section */

/* Begin PBXFileReference section */
		76E3F02520D4445A002EB00E /* travisexample.app */ = {isa = PBXFileReference; explicitFileType = wrapper.application; includeInIndex = 0; path = travisexample.app; sourceTree = BUILT_PRODUCTS_DIR; };
		76E3F02820D4445A002EB00E /* AppDelegate.swift */ = {isa = PBXFileReference; lastKnownFileType = sourcecode.swift; path = AppDelegate.swift; sourceTree = "<group>"; };
		76E3F02A20D4445A002EB00E /* ViewController.swift */ = {isa = PBXFileReference; lastKnownFileType = sourcecode.swift; path = ViewController.swift; sourceTree = "<group>"; };
		76E3F02D20D4445A002EB00E /* Base */ = {isa = PBXFileReference; lastKnownFileType = file.storyboard; name = Base; path = Base.lproj/Main.storyboard; sourceTree = "<group>"; };
		76E3F02F20D4445B002EB00E /* Assets.xcassets */ = {isa = PBXFileReference; lastKnownFileType = folder.assetcatalog; path = Assets.xcassets; sourceTree = "<group>"; };
		76E3F03220D4445B002EB00E /* Base */ = {isa = PBXFileReference; lastKnownFileType = file.storyboard; name = Base; path = Base.lproj/LaunchScreen.storyboard; sourceTree = "<group>"; };
		76E3F03420D4445B002EB00E /* Info.plist */ = {isa = PBXFileReference; lastKnownFileType = text.plist.xml; path = Info.plist; sourceTree = "<group>"; };
		76E3F03920D4445B002EB00E /* travisexampleTests.xctest */ = {isa = PBXFileReference; explicitFileType = wrapper.cfbundle; includeInIndex = 0; path = travisexampleTests.xctest; sourceTree = BUILT_PRODUCTS_DIR; };
		76E3F03D20D4445B002EB00E /* travisexampleTests.swift */ = {isa = PBXFileReference; lastKnownFileType = sourcecode.swift; path = travisexampleTests.swift; sourceTree = "<group>"; };
		76E3F03F20D4445C002EB00E /* Info.plist */ = {isa = PBXFileReference; lastKnownFileType = text.plist.xml; path = Info.plist; sourceTree = "<group>"; };
		76E3F04420D4445C002EB00E /* travisexampleUITests.xctest */ = {isa = PBXFileReference; explicitFileType = wrapper.cfbundle; includeInIndex = 0; path = travisexampleUITests.xctest; sourceTree = BUILT_PRODUCTS_DIR; };
		76E3F04820D4445C002EB00E /* travisexampleUITests.swift */ = {isa = PBXFileReference; lastKnownFileType = sourcecode.swift; path = travisexampleUITests.swift; sourceTree = "<group>"; };
		76E3F04A20D4445C002EB00E /* Info.plist */ = {isa = PBXFileReference; lastKnownFileType = text.plist.xml; path = Info.plist; sourceTree = "<group>"; };
/* End PBXFileReference section */

/* Begin PBXFrameworksBuildPhase section */
		76E3F02220D4445A002EB00E /* Frameworks */ = {
			isa = PBXFrameworksBuildPhase;
			buildActionMask = 2147483647;
			files = (
			);
			runOnlyForDeploymentPostprocessing = 0;
		};
		76E3F03620D4445B002EB00E /* Frameworks */ = {
			isa = PBXFrameworksBuildPhase;
			buildActionMask = 2147483647;
			files = (
			);
			runOnlyForDeploymentPostprocessing = 0;
		};
		76E3F04120D4445C002EB00E /* Frameworks */ = {
			isa = PBXFrameworksBuildPhase;
			buildActionMask = 2147483647;
			files = (
			);
			runOnlyForDeploymentPostprocessing = 0;
		};
/* End PBXFrameworksBuildPhase section */

/* Begin PBXGroup section */
		76E3F01C20D4445A002EB00E = {
			isa = PBXGroup;
			children = (
				76E3F02720D4445A002EB00E /* travisexample */,
				76E3F03C20D4445B002EB00E /* travisexampleTests */,
				76E3F04720D4445C002EB00E /* travisexampleUITests */,
				76E3F02620D4445A002EB00E /* Products */,
			);
			sourceTree = "<group>";
		};
		76E3F02620D4445A002EB00E /* Products */ = {
			isa = PBXGroup;
			children = (
				76E3F02520D4445A002EB00E /* travisexample.app */,
				76E3F03920D4445B002EB00E /* travisexampleTests.xctest */,
				76E3F04420D4445C002EB00E /* travisexampleUITests.xctest */,
			);
			name = Products;
			sourceTree = "<group>";
		};
		76E3F02720D4445A002EB00E /* travisexample */ = {
			isa = PBXGroup;
			children = (
				76E3F02820D4445A002EB00E /* AppDelegate.swift */,
				76E3F02A20D4445A002EB00E /* ViewController.swift */,
				76E3F02C20D4445A002EB00E /* Main.storyboard */,
				76E3F02F20D4445B002EB00E /* Assets.xcassets */,
				76E3F03120D4445B002EB00E /* LaunchScreen.storyboard */,
				76E3F03420D4445B002EB00E /* Info.plist */,
			);
			path = travisexample;
			sourceTree = "<group>";
		};
		76E3F03C20D4445B002EB00E /* travisexampleTests */ = {
			isa = PBXGroup;
			children = (
				76E3F03D20D4445B002EB00E /* travisexampleTests.swift */,
				76E3F03F20D4445C002EB00E /* Info.plist */,
			);
			path = travisexampleTests;
			sourceTree = "<group>";
		};
		76E3F04720D4445C002EB00E /* travisexampleUITests */ = {
			isa = PBXGroup;
			children = (
				76E3F04820D4445C002EB00E /* travisexampleUITests.swift */,
				76E3F04A20D4445C002EB00E /* Info.plist */,
			);
			path = travisexampleUITests;
			sourceTree = "<group>";
		};
/* End PBXGroup section */

/* Begin PBXNativeTarget section */
		76E3F02420D4445A002EB00E /* travisexample */ = {
			isa = PBXNativeTarget;
			buildConfigurationList = 76E3F04D20D4445C002EB00E /* Build configuration list for PBXNativeTarget "travisexample" */;
			buildPhases = (
				76E3F02120D4445A002EB00E /* Sources */,
				76E3F02220D4445A002EB00E /* Frameworks */,
				76E3F02320D4445A002EB00E /* Resources */,
			);
			buildRules = (
			);
			dependencies = (
			);
			name = travisexample;
			productName = travisexample;
			productReference = 76E3F02520D4445A002EB00E /* travisexample.app */;
			productType = "com.apple.product-type.application";
		};
		76E3F03820D4445B002EB00E /* travisexampleTests */ = {
			isa = PBXNativeTarget;
			buildConfigurationList = 76E3F05020D4445C002EB00E /* Build configuration list for PBXNativeTarget "travisexampleTests" */;
			buildPhases = (
				76E3F03520D4445B002EB00E /* Sources */,
				76E3F03620D4445B002EB00E /* Frameworks */,
				76E3F03720D4445B002EB00E /* Resources */,
			);
			buildRules = (
			);
			dependencies = (
				76E3F03B20D4445B002EB00E /* PBXTargetDependency */,
			);
			name = travisexampleTests;
			productName = travisexampleTests;
			productReference = 76E3F03920D4445B002EB00E /* travisexampleTests.xctest */;
			productType = "com.apple.product-type.bundle.unit-test";
		};
		76E3F04320D4445C002EB00E /* travisexampleUITests */ = {
			isa = PBXNativeTarget;
			buildConfigurationList = 76E3F05320D4445C002EB00E /* Build configuration list for PBXNativeTarget "travisexampleUITests" */;
			buildPhases = (
				76E3F04020D4445C002EB00E /* Sources */,
				76E3F04120D4445C002EB00E /* Frameworks */,
				76E3F04220D4445C002EB00E /* Resources */,
			);
			buildRules = (
			);
			dependencies = (
				76E3F04620D4445C002EB00E /* PBXTargetDependency */,
			);
			name = travisexampleUITests;
			productName = travisexampleUITests;
			productReference = 76E3F04420D4445C002EB00E /* travisexampleUITests.xctest */;
			productType = "com.apple.product-type.bundle.ui-testing";
		};
/* End PBXNativeTarget section */

/* Begin PBXProject section */
		76E3F01D20D4445A002EB00E /* Project object */ = {
			isa = PBXProject;
			attributes = {
				LastSwiftUpdateCheck = 0940;
				LastUpgradeCheck = 0940;
				ORGANIZATIONNAME = Gokhan;
				TargetAttributes = {
					76E3F02420D4445A002EB00E = {
						CreatedOnToolsVersion = 9.4;
					};
					76E3F03820D4445B002EB00E = {
						CreatedOnToolsVersion = 9.4;
						TestTargetID = 76E3F02420D4445A002EB00E;
					};
					76E3F04320D4445C002EB00E = {
						CreatedOnToolsVersion = 9.4;
						TestTargetID = 76E3F02420D4445A002EB00E;
					};
				};
			};
			buildConfigurationList = 76E3F02020D4445A002EB00E /* Build configuration list for PBXProject "travisexample" */;
			compatibilityVersion = "Xcode 9.3";
			developmentRegion = en;
			hasScannedForEncodings = 0;
			knownRegions = (
				en,
				Base,
			);
			mainGroup = 76E3F01C20D4445A002EB00E;
			productRefGroup = 76E3F02620D4445A002EB00E /* Products */;
			projectDirPath = "";
			projectRoot = "";
			targets = (
				76E3F02420D4445A002EB00E /* travisexample */,
				76E3F03820D4445B002EB00E /* travisexampleTests */,
				76E3F04320D4445C002EB00E /* travisexampleUITests */,
			);
		};
/* End PBXProject section */

/* Begin PBXResourcesBuildPhase section */
		76E3F02320D4445A002EB00E /* Resources */ = {
			isa = PBXResourcesBuildPhase;
			buildActionMask = 2147483647;
			files = (
				76E3F03320D4445B002EB00E /* LaunchScreen.storyboard in Resources */,
				76E3F03020D4445B002EB00E /* Assets.xcassets in Resources */,
				76E3F02E20D4445A002EB00E /* Main.storyboard in Resources */,
			);
			runOnlyForDeploymentPostprocessing = 0;
		};
		76E3F03720D4445B002EB00E /* Resources */ = {
			isa = PBXResourcesBuildPhase;
			buildActionMask = 2147483647;
			files = (
			);
			runOnlyForDeploymentPostprocessing = 0;
		};
		76E3F04220D4445C002EB00E /* Resources */ = {
			isa = PBXResourcesBuildPhase;
			buildActionMask = 2147483647;
			files = (
			);
			runOnlyForDeploymentPostprocessing = 0;
		};
/* End PBXResourcesBuildPhase section */

/* Begin PBXSourcesBuildPhase section */
		76E3F02120D4445A002EB00E /* Sources */ = {
			isa = PBXSourcesBuildPhase;
			buildActionMask = 2147483647;
			files = (
				76E3F02B20D4445A002EB00E /* ViewController.swift in Sources */,
				76E3F02920D4445A002EB00E /* AppDelegate.swift in Sources */,
			);
			runOnlyForDeploymentPostprocessing = 0;
		};
		76E3F03520D4445B002EB00E /* Sources */ = {
			isa = PBXSourcesBuildPhase;
			buildActionMask = 2147483647;
			files = (
				76E3F03E20D4445B002EB00E /* travisexampleTests.swift in Sources */,
			);
			runOnlyForDeploymentPostprocessing = 0;
		};
		76E3F04020D4445C002EB00E /* Sources */ = {
			isa = PBXSourcesBuildPhase;
			buildActionMask = 2147483647;
			files = (
				76E3F04920D4445C002EB00E /* travisexampleUITests.swift in Sources */,
			);
			runOnlyForDeploymentPostprocessing = 0;
		};
/* End PBXSourcesBuildPhase section */

/* Begin PBXTargetDependency section */
		76E3F03B20D4445B002EB00E /* PBXTargetDependency */ = {
			isa = PBXTargetDependency;
			target = 76E3F02420D4445A002EB00E /* travisexample */;
			targetProxy = 76E3F03A20D4445B002EB00E /* PBXContainerItemProxy */;
		};
		76E3F04620D4445C002EB00E /* PBXTargetDependency */ = {
			isa = PBXTargetDependency;
			target = 76E3F02420D4445A002EB00E /* travisexample */;
			targetProxy = 76E3F04520D4445C002EB00E /* PBXContainerItemProxy */;
		};
/* End PBXTargetDependency section */

/* Begin PBXVariantGroup section */
		76E3F02C20D4445A002EB00E /* Main.storyboard */ = {
			isa = PBXVariantGroup;
			children = (
				76E3F02D20D4445A002EB00E /* Base */,
			);
			name = Main.storyboard;
			sourceTree = "<group>";
		};
		76E3F03120D4445B002EB00E /* LaunchScreen.storyboard */ = {
			isa = PBXVariantGroup;
			children = (
				76E3F03220D4445B002EB00E /* Base */,
			);
			name = LaunchScreen.storyboard;
			sourceTree = "<group>";
		};
/* End PBXVariantGroup section */

/* Begin XCBuildConfiguration section */
		76E3F04B20D4445C002EB00E /* Debug */ = {
			isa = XCBuildConfiguration;
			buildSettings = {
				ALWAYS_SEARCH_USER_PATHS = NO;
				CLANG_ANALYZER_NONNULL = YES;
				CLANG_ANALYZER_NUMBER_OBJECT_CONVERSION = YES_AGGRESSIVE;
				CLANG_CXX_LANGUAGE_STANDARD = "gnu++14";
				CLANG_CXX_LIBRARY = "libc++";
				CLANG_ENABLE_MODULES = YES;
				CLANG_ENABLE_OBJC_ARC = YES;
				CLANG_ENABLE_OBJC_WEAK = YES;
				CLANG_WARN_BLOCK_CAPTURE_AUTORELEASING = YES;
				CLANG_WARN_BOOL_CONVERSION = YES;
				CLANG_WARN_COMMA = YES;
				CLANG_WARN_CONSTANT_CONVERSION = YES;
				CLANG_WARN_DEPRECATED_OBJC_IMPLEMENTATIONS = YES;
				CLANG_WARN_DIRECT_OBJC_ISA_USAGE = YES_ERROR;
				CLANG_WARN_DOCUMENTATION_COMMENTS = YES;
				CLANG_WARN_EMPTY_BODY = YES;
				CLANG_WARN_ENUM_CONVERSION = YES;
				CLANG_WARN_INFINITE_RECURSION = YES;
				CLANG_WARN_INT_CONVERSION = YES;
				CLANG_WARN_NON_LITERAL_NULL_CONVERSION = YES;
				CLANG_WARN_OBJC_IMPLICIT_RETAIN_SELF = YES;
				CLANG_WARN_OBJC_LITERAL_CONVERSION = YES;
				CLANG_WARN_OBJC_ROOT_CLASS = YES_ERROR;
				CLANG_WARN_RANGE_LOOP_ANALYSIS = YES;
				CLANG_WARN_STRICT_PROTOTYPES = YES;
				CLANG_WARN_SUSPICIOUS_MOVE = YES;
				CLANG_WARN_UNGUARDED_AVAILABILITY = YES_AGGRESSIVE;
				CLANG_WARN_UNREACHABLE_CODE = YES;
				CLANG_WARN__DUPLICATE_METHOD_MATCH = YES;
				CODE_SIGN_IDENTITY = "iPhone Developer";
				COPY_PHASE_STRIP = NO;
				DEBUG_INFORMATION_FORMAT = dwarf;
				ENABLE_STRICT_OBJC_MSGSEND = YES;
				ENABLE_TESTABILITY = YES;
				GCC_C_LANGUAGE_STANDARD = gnu11;
				GCC_DYNAMIC_NO_PIC = NO;
				GCC_NO_COMMON_BLOCKS = YES;
				GCC_OPTIMIZATION_LEVEL = 0;
				GCC_PREPROCESSOR_DEFINITIONS = (
					"DEBUG=1",
					"$(inherited)",
				);
				GCC_WARN_64_TO_32_BIT_CONVERSION = YES;
				GCC_WARN_ABOUT_RETURN_TYPE = YES_ERROR;
				GCC_WARN_UNDECLARED_SELECTOR = YES;
				GCC_WARN_UNINITIALIZED_AUTOS = YES_AGGRESSIVE;
				GCC_WARN_UNUSED_FUNCTION = YES;
				GCC_WARN_UNUSED_VARIABLE = YES;
				IPHONEOS_DEPLOYMENT_TARGET = 11.4;
				MTL_ENABLE_DEBUG_INFO = YES;
				ONLY_ACTIVE_ARCH = YES;
				SDKROOT = iphoneos;
				SWIFT_ACTIVE_COMPILATION_CONDITIONS = DEBUG;
				SWIFT_OPTIMIZATION_LEVEL = "-Onone";
			};
			name = Debug;
		};
		76E3F04C20D4445C002EB00E /* Release */ = {
			isa = XCBuildConfiguration;
			buildSettings = {
				ALWAYS_SEARCH_USER_PATHS = NO;
				CLANG_ANALYZER_NONNULL = YES;
				CLANG_ANALYZER_NUMBER_OBJECT_CONVERSION = YES_AGGRESSIVE;
				CLANG_CXX_LANGUAGE_STANDARD = "gnu++14";
				CLANG_CXX_LIBRARY = "libc++";
				CLANG_ENABLE_MODULES = YES;
				CLANG_ENABLE_OBJC_ARC = YES;
				CLANG_ENABLE_OBJC_WEAK = YES;
				CLANG_WARN_BLOCK_CAPTURE_AUTORELEASING = YES;
				CLANG_WARN_BOOL_CONVERSION = YES;
				CLANG_WARN_COMMA = YES;
				CLANG_WARN_CONSTANT_CONVERSION = YES;
				CLANG_WARN_DEPRECATED_OBJC_IMPLEMENTATIONS = YES;
				CLANG_WARN_DIRECT_OBJC_ISA_USAGE = YES_ERROR;
				CLANG_WARN_DOCUMENTATION_COMMENTS = YES;
				CLANG_WARN_EMPTY_BODY = YES;
				CLANG_WARN_ENUM_CONVERSION = YES;
				CLANG_WARN_INFINITE_RECURSION = YES;
				CLANG_WARN_INT_CONVERSION = YES;
				CLANG_WARN_NON_LITERAL_NULL_CONVERSION = YES;
				CLANG_WARN_OBJC_IMPLICIT_RETAIN_SELF = YES;
				CLANG_WARN_OBJC_LITERAL_CONVERSION = YES;
				CLANG_WARN_OBJC_ROOT_CLASS = YES_ERROR;
				CLANG_WARN_RANGE_LOOP_ANALYSIS = YES;
				CLANG_WARN_STRICT_PROTOTYPES = YES;
				CLANG_WARN_SUSPICIOUS_MOVE = YES;
				CLANG_WARN_UNGUARDED_AVAILABILITY = YES_AGGRESSIVE;
				CLANG_WARN_UNREACHABLE_CODE = YES;
				CLANG_WARN__DUPLICATE_METHOD_MATCH = YES;
				CODE_SIGN_IDENTITY = "iPhone Developer";
				COPY_PHASE_STRIP = NO;
				DEBUG_INFORMATION_FORMAT = "dwarf-with-dsym";
				ENABLE_NS_ASSERTIONS = NO;
				ENABLE_STRICT_OBJC_MSGSEND = YES;
				GCC_C_LANGUAGE_STANDARD = gnu11;
				GCC_NO_COMMON_BLOCKS = YES;
				GCC_WARN_64_TO_32_BIT_CONVERSION = YES;
				GCC_WARN_ABOUT_RETURN_TYPE = YES_ERROR;
				GCC_WARN_UNDECLARED_SELECTOR = YES;
				GCC_WARN_UNINITIALIZED_AUTOS = YES_AGGRESSIVE;
				GCC_WARN_UNUSED_FUNCTION = YES;
				GCC_WARN_UNUSED_VARIABLE = YES;
				IPHONEOS_DEPLOYMENT_TARGET = 11.4;
				MTL_ENABLE_DEBUG_INFO = NO;
				SDKROOT = iphoneos;
				SWIFT_COMPILATION_MODE = wholemodule;
				SWIFT_OPTIMIZATION_LEVEL = "-O";
				VALIDATE_PRODUCT = YES;
			};
			name = Release;
		};
		76E3F04E20D4445C002EB00E /* Debug */ = {
			isa = XCBuildConfiguration;
			buildSettings = {
				ASSETCATALOG_COMPILER_APPICON_NAME = AppIcon;
				CODE_SIGN_STYLE = Automatic;
				DEVELOPMENT_TEAM = QSY84C533D;
				INFOPLIST_FILE = travisexample/Info.plist;
				LD_RUNPATH_SEARCH_PATHS = (
					"$(inherited)",
					"@executable_path/Frameworks",
				);
				PRODUCT_BUNDLE_IDENTIFIER = com.gokhan.travisexample;
				PRODUCT_NAME = "$(TARGET_NAME)";
				SWIFT_VERSION = 4.0;
				TARGETED_DEVICE_FAMILY = "1,2";
			};
			name = Debug;
		};
		76E3F04F20D4445C002EB00E /* Release */ = {
			isa = XCBuildConfiguration;
			buildSettings = {
				ASSETCATALOG_COMPILER_APPICON_NAME = AppIcon;
				CODE_SIGN_STYLE = Automatic;
				DEVELOPMENT_TEAM = QSY84C533D;
				INFOPLIST_FILE = travisexample/Info.plist;
				LD_RUNPATH_SEARCH_PATHS = (
					"$(inherited)",
					"@executable_path/Frameworks",
				);
				PRODUCT_BUNDLE_IDENTIFIER = com.gokhan.travisexample;
				PRODUCT_NAME = "$(TARGET_NAME)";
				SWIFT_VERSION = 4.0;
				TARGETED_DEVICE_FAMILY = "1,2";
			};
			name = Release;
		};
		76E3F05120D4445C002EB00E /* Debug */ = {
			isa = XCBuildConfiguration;
			buildSettings = {
				ALWAYS_EMBED_SWIFT_STANDARD_LIBRARIES = YES;
				BUNDLE_LOADER = "$(TEST_HOST)";
				CODE_SIGN_STYLE = Automatic;
				DEVELOPMENT_TEAM = QSY84C533D;
				INFOPLIST_FILE = travisexampleTests/Info.plist;
				LD_RUNPATH_SEARCH_PATHS = (
					"$(inherited)",
					"@executable_path/Frameworks",
					"@loader_path/Frameworks",
				);
				PRODUCT_BUNDLE_IDENTIFIER = com.gokhan.travisexampleTests;
				PRODUCT_NAME = "$(TARGET_NAME)";
				SWIFT_VERSION = 4.0;
				TARGETED_DEVICE_FAMILY = "1,2";
				TEST_HOST = "$(BUILT_PRODUCTS_DIR)/travisexample.app/travisexample";
			};
			name = Debug;
		};
		76E3F05220D4445C002EB00E /* Release */ = {
			isa = XCBuildConfiguration;
			buildSettings = {
				ALWAYS_EMBED_SWIFT_STANDARD_LIBRARIES = YES;
				BUNDLE_LOADER = "$(TEST_HOST)";
				CODE_SIGN_STYLE = Automatic;
				DEVELOPMENT_TEAM = QSY84C533D;
				INFOPLIST_FILE = travisexampleTests/Info.plist;
				LD_RUNPATH_SEARCH_PATHS = (
					"$(inherited)",
					"@executable_path/Frameworks",
					"@loader_path/Frameworks",
				);
				PRODUCT_BUNDLE_IDENTIFIER = com.gokhan.travisexampleTests;
				PRODUCT_NAME = "$(TARGET_NAME)";
				SWIFT_VERSION = 4.0;
				TARGETED_DEVICE_FAMILY = "1,2";
				TEST_HOST = "$(BUILT_PRODUCTS_DIR)/travisexample.app/travisexample";
			};
			name = Release;
		};
		76E3F05420D4445C002EB00E /* Debug */ = {
			isa = XCBuildConfiguration;
			buildSettings = {
				ALWAYS_EMBED_SWIFT_STANDARD_LIBRARIES = YES;
				CODE_SIGN_STYLE = Automatic;
				DEVELOPMENT_TEAM = QSY84C533D;
				INFOPLIST_FILE = travisexampleUITests/Info.plist;
				LD_RUNPATH_SEARCH_PATHS = (
					"$(inherited)",
					"@executable_path/Frameworks",
					"@loader_path/Frameworks",
				);
				PRODUCT_BUNDLE_IDENTIFIER = com.gokhan.travisexampleUITests;
				PRODUCT_NAME = "$(TARGET_NAME)";
				SWIFT_VERSION = 4.0;
				TARGETED_DEVICE_FAMILY = "1,2";
				TEST_TARGET_NAME = travisexample;
			};
			name = Debug;
		};
		76E3F05520D4445C002EB00E /* Release */ = {
			isa = XCBuildConfiguration;
			buildSettings = {
				ALWAYS_EMBED_SWIFT_STANDARD_LIBRARIES = YES;
				CODE_SIGN_STYLE = Automatic;
				DEVELOPMENT_TEAM = QSY84C533D;
				INFOPLIST_FILE = travisexampleUITests/Info.plist;
				LD_RUNPATH_SEARCH_PATHS = (
					"$(inherited)",
					"@executable_path/Frameworks",
					"@loader_path/Frameworks",
				);
				PRODUCT_BUNDLE_IDENTIFIER = com.gokhan.travisexampleUITests;
				PRODUCT_NAME = "$(TARGET_NAME)";
				SWIFT_VERSION = 4.0;
				TARGETED_DEVICE_FAMILY = "1,2";
				TEST_TARGET_NAME = travisexample;
			};
			name = Release;
		};
/* End XCBuildConfiguration section */

/* Begin XCConfigurationList section */
		76E3F02020D4445A002EB00E /* Build configuration list for PBXProject "travisexample" */ = {
			isa = XCConfigurationList;
			buildConfigurations = (
				76E3F04B20D4445C002EB00E /* Debug */,
				76E3F04C20D4445C002EB00E /* Release */,
			);
			defaultConfigurationIsVisible = 0;
			defaultConfigurationName = Release;
		};
		76E3F04D20D4445C002EB00E /* Build configuration list for PBXNativeTarget "travisexample" */ = {
			isa = XCConfigurationList;
			buildConfigurations = (
				76E3F04E20D4445C002EB00E /* Debug */,
				76E3F04F20D4445C002EB00E /* Release */,
			);
			defaultConfigurationIsVisible = 0;
			defaultConfigurationName = Release;
		};
		76E3F05020D4445C002EB00E /* Build configuration list for PBXNativeTarget "travisexampleTests" */ = {
			isa = XCConfigurationList;
			buildConfigurations = (
				76E3F05120D4445C002EB00E /* Debug */,
				76E3F05220D4445C002EB00E /* Release */,
			);
			defaultConfigurationIsVisible = 0;
			defaultConfigurationName = Release;
		};
		76E3F05320D4445C002EB00E /* Build configuration list for PBXNativeTarget "travisexampleUITests" */ = {
			isa = XCConfigurationList;
			buildConfigurations = (
				76E3F05420D4445C002EB00E /* Debug */,
				76E3F05520D4445C002EB00E /* Release */,
			);
			defaultConfigurationIsVisible = 0;
			defaultConfigurationName = Release;
		};
/* End XCConfigurationList section */
	};
	rootObject = 76E3F01D20D4445A002EB00E /* Project object */;
}
